// !$*UTF8*$!
{
	archiveVersion = 1;
	classes = {
	};
	objectVersion = 46;
	objects = {

/* Begin PBXBuildFile section */
		9C682BFE1D534ECB00FA18D0 /* main.m in Sources */ = {isa = PBXBuildFile; fileRef = 9C682BFD1D534ECB00FA18D0 /* main.m */; };
		9C682C011D534ECB00FA18D0 /* AppDelegate.m in Sources */ = {isa = PBXBuildFile; fileRef = 9C682C001D534ECB00FA18D0 /* AppDelegate.m */; };
		9C682C071D534ECB00FA18D0 /* Main.storyboard in Resources */ = {isa = PBXBuildFile; fileRef = 9C682C051D534ECB00FA18D0 /* Main.storyboard */; };
		9C682C091D534ECB00FA18D0 /* Assets.xcassets in Resources */ = {isa = PBXBuildFile; fileRef = 9C682C081D534ECB00FA18D0 /* Assets.xcassets */; };
		9C682C0C1D534ECB00FA18D0 /* LaunchScreen.storyboard in Resources */ = {isa = PBXBuildFile; fileRef = 9C682C0A1D534ECB00FA18D0 /* LaunchScreen.storyboard */; };
		9C682C171D534ECC00FA18D0 /* AddressBookTests.m in Sources */ = {isa = PBXBuildFile; fileRef = 9C682C161D534ECC00FA18D0 /* AddressBookTests.m */; };
		9C682C221D534ECC00FA18D0 /* AddressBookUITests.m in Sources */ = {isa = PBXBuildFile; fileRef = 9C682C211D534ECC00FA18D0 /* AddressBookUITests.m */; };
		9C682C341D534F8400FA18D0 /* ChineseString.m in Sources */ = {isa = PBXBuildFile; fileRef = 9C682C311D534F8400FA18D0 /* ChineseString.m */; };
		9C682C351D534F8400FA18D0 /* pinyin.m in Sources */ = {isa = PBXBuildFile; fileRef = 9C682C331D534F8400FA18D0 /* pinyin.m */; };
		9C682C381D53501100FA18D0 /* ContactTableController.m in Sources */ = {isa = PBXBuildFile; fileRef = 9C682C371D53501100FA18D0 /* ContactTableController.m */; };
		9CEFE18B1D6C3D4D00CB3A89 /* 2.gif in Resources */ = {isa = PBXBuildFile; fileRef = 9CEFE18A1D6C3D4D00CB3A89 /* 2.gif */; };
/* End PBXBuildFile section */

/* Begin PBXContainerItemProxy section */
		9C682C131D534ECC00FA18D0 /* PBXContainerItemProxy */ = {
			isa = PBXContainerItemProxy;
			containerPortal = 9C682BF11D534ECB00FA18D0 /* Project object */;
			proxyType = 1;
			remoteGlobalIDString = 9C682BF81D534ECB00FA18D0;
			remoteInfo = AddressBook;
		};
		9C682C1E1D534ECC00FA18D0 /* PBXContainerItemProxy */ = {
			isa = PBXContainerItemProxy;
			containerPortal = 9C682BF11D534ECB00FA18D0 /* Project object */;
			proxyType = 1;
			remoteGlobalIDString = 9C682BF81D534ECB00FA18D0;
			remoteInfo = AddressBook;
		};
/* End PBXContainerItemProxy section */

/* Begin PBXFileReference section */
		9C682BF91D534ECB00FA18D0 /* AddressBook.app */ = {isa = PBXFileReference; explicitFileType = wrapper.application; includeInIndex = 0; path = AddressBook.app; sourceTree = BUILT_PRODUCTS_DIR; };
		9C682BFD1D534ECB00FA18D0 /* main.m */ = {isa = PBXFileReference; lastKnownFileType = sourcecode.c.objc; path = main.m; sourceTree = "<group>"; };
		9C682BFF1D534ECB00FA18D0 /* AppDelegate.h */ = {isa = PBXFileReference; lastKnownFileType = sourcecode.c.h; path = AppDelegate.h; sourceTree = "<group>"; };
		9C682C001D534ECB00FA18D0 /* AppDelegate.m */ = {isa = PBXFileReference; lastKnownFileType = sourcecode.c.objc; path = AppDelegate.m; sourceTree = "<group>"; };
		9C682C061D534ECB00FA18D0 /* Base */ = {isa = PBXFileReference; lastKnownFileType = file.storyboard; name = Base; path = Base.lproj/Main.storyboard; sourceTree = "<group>"; };
		9C682C081D534ECB00FA18D0 /* Assets.xcassets */ = {isa = PBXFileReference; lastKnownFileType = folder.assetcatalog; path = Assets.xcassets; sourceTree = "<group>"; };
		9C682C0B1D534ECB00FA18D0 /* Base */ = {isa = PBXFileReference; lastKnownFileType = file.storyboard; name = Base; path = Base.lproj/LaunchScreen.storyboard; sourceTree = "<group>"; };
		9C682C0D1D534ECB00FA18D0 /* Info.plist */ = {isa = PBXFileReference; lastKnownFileType = text.plist.xml; path = Info.plist; sourceTree = "<group>"; };
		9C682C121D534ECC00FA18D0 /* AddressBookTests.xctest */ = {isa = PBXFileReference; explicitFileType = wrapper.cfbundle; includeInIndex = 0; path = AddressBookTests.xctest; sourceTree = BUILT_PRODUCTS_DIR; };
		9C682C161D534ECC00FA18D0 /* AddressBookTests.m */ = {isa = PBXFileReference; lastKnownFileType = sourcecode.c.objc; path = AddressBookTests.m; sourceTree = "<group>"; };
		9C682C181D534ECC00FA18D0 /* Info.plist */ = {isa = PBXFileReference; lastKnownFileType = text.plist.xml; path = Info.plist; sourceTree = "<group>"; };
		9C682C1D1D534ECC00FA18D0 /* AddressBookUITests.xctest */ = {isa = PBXFileReference; explicitFileType = wrapper.cfbundle; includeInIndex = 0; path = AddressBookUITests.xctest; sourceTree = BUILT_PRODUCTS_DIR; };
		9C682C211D534ECC00FA18D0 /* AddressBookUITests.m */ = {isa = PBXFileReference; lastKnownFileType = sourcecode.c.objc; path = AddressBookUITests.m; sourceTree = "<group>"; };
		9C682C231D534ECC00FA18D0 /* Info.plist */ = {isa = PBXFileReference; lastKnownFileType = text.plist.xml; path = Info.plist; sourceTree = "<group>"; };
		9C682C301D534F8400FA18D0 /* ChineseString.h */ = {isa = PBXFileReference; fileEncoding = 4; lastKnownFileType = sourcecode.c.h; path = ChineseString.h; sourceTree = "<group>"; };
		9C682C311D534F8400FA18D0 /* ChineseString.m */ = {isa = PBXFileReference; fileEncoding = 4; lastKnownFileType = sourcecode.c.objc; path = ChineseString.m; sourceTree = "<group>"; };
		9C682C321D534F8400FA18D0 /* pinyin.h */ = {isa = PBXFileReference; fileEncoding = 4; lastKnownFileType = sourcecode.c.h; path = pinyin.h; sourceTree = "<group>"; };
		9C682C331D534F8400FA18D0 /* pinyin.m */ = {isa = PBXFileReference; fileEncoding = 4; lastKnownFileType = sourcecode.c.objc; path = pinyin.m; sourceTree = "<group>"; };
		9C682C361D53501100FA18D0 /* ContactTableController.h */ = {isa = PBXFileReference; fileEncoding = 4; lastKnownFileType = sourcecode.c.h; path = ContactTableController.h; sourceTree = "<group>"; };
		9C682C371D53501100FA18D0 /* ContactTableController.m */ = {isa = PBXFileReference; fileEncoding = 4; lastKnownFileType = sourcecode.c.objc; path = ContactTableController.m; sourceTree = "<group>"; };
		9CEFE18A1D6C3D4D00CB3A89 /* 2.gif */ = {isa = PBXFileReference; lastKnownFileType = image.gif; path = 2.gif; sourceTree = "<group>"; };
/* End PBXFileReference section */

/* Begin PBXFrameworksBuildPhase section */
		9C682BF61D534ECB00FA18D0 /* Frameworks */ = {
			isa = PBXFrameworksBuildPhase;
			buildActionMask = 2147483647;
			files = (
			);
			runOnlyForDeploymentPostprocessing = 0;
		};
		9C682C0F1D534ECC00FA18D0 /* Frameworks */ = {
			isa = PBXFrameworksBuildPhase;
			buildActionMask = 2147483647;
			files = (
			);
			runOnlyForDeploymentPostprocessing = 0;
		};
		9C682C1A1D534ECC00FA18D0 /* Frameworks */ = {
			isa = PBXFrameworksBuildPhase;
			buildActionMask = 2147483647;
			files = (
			);
			runOnlyForDeploymentPostprocessing = 0;
		};
/* End PBXFrameworksBuildPhase section */

/* Begin PBXGroup section */
		9C682BF01D534ECB00FA18D0 = {
			isa = PBXGroup;
			children = (
				9C682BFB1D534ECB00FA18D0 /* AddressBook */,
				9C682C151D534ECC00FA18D0 /* AddressBookTests */,
				9C682C201D534ECC00FA18D0 /* AddressBookUITests */,
				9C682BFA1D534ECB00FA18D0 /* Products */,
			);
			sourceTree = "<group>";
		};
		9C682BFA1D534ECB00FA18D0 /* Products */ = {
			isa = PBXGroup;
			children = (
				9C682BF91D534ECB00FA18D0 /* AddressBook.app */,
				9C682C121D534ECC00FA18D0 /* AddressBookTests.xctest */,
				9C682C1D1D534ECC00FA18D0 /* AddressBookUITests.xctest */,
			);
			name = Products;
			sourceTree = "<group>";
		};
		9C682BFB1D534ECB00FA18D0 /* AddressBook */ = {
			isa = PBXGroup;
			children = (
				9C682C2F1D534F7800FA18D0 /* 3rd */,
				9C682BFF1D534ECB00FA18D0 /* AppDelegate.h */,
				9C682C001D534ECB00FA18D0 /* AppDelegate.m */,
				9C682C361D53501100FA18D0 /* ContactTableController.h */,
				9C682C371D53501100FA18D0 /* ContactTableController.m */,
				9C682C051D534ECB00FA18D0 /* Main.storyboard */,
				9C682C081D534ECB00FA18D0 /* Assets.xcassets */,
				9C682C0A1D534ECB00FA18D0 /* LaunchScreen.storyboard */,
				9C682C0D1D534ECB00FA18D0 /* Info.plist */,
				9CEFE18A1D6C3D4D00CB3A89 /* 2.gif */,
				9C682BFC1D534ECB00FA18D0 /* Supporting Files */,
			);
			path = AddressBook;
			sourceTree = "<group>";
		};
		9C682BFC1D534ECB00FA18D0 /* Supporting Files */ = {
			isa = PBXGroup;
			children = (
				9C682BFD1D534ECB00FA18D0 /* main.m */,
			);
			name = "Supporting Files";
			sourceTree = "<group>";
		};
		9C682C151D534ECC00FA18D0 /* AddressBookTests */ = {
			isa = PBXGroup;
			children = (
				9C682C161D534ECC00FA18D0 /* AddressBookTests.m */,
				9C682C181D534ECC00FA18D0 /* Info.plist */,
			);
			path = AddressBookTests;
			sourceTree = "<group>";
		};
		9C682C201D534ECC00FA18D0 /* AddressBookUITests */ = {
			isa = PBXGroup;
			children = (
				9C682C211D534ECC00FA18D0 /* AddressBookUITests.m */,
				9C682C231D534ECC00FA18D0 /* Info.plist */,
			);
			path = AddressBookUITests;
			sourceTree = "<group>";
		};
		9C682C2F1D534F7800FA18D0 /* 3rd */ = {
			isa = PBXGroup;
			children = (
				9C682C301D534F8400FA18D0 /* ChineseString.h */,
				9C682C311D534F8400FA18D0 /* ChineseString.m */,
				9C682C321D534F8400FA18D0 /* pinyin.h */,
				9C682C331D534F8400FA18D0 /* pinyin.m */,
			);
			path = 3rd;
			sourceTree = "<group>";
		};
/* End PBXGroup section */

/* Begin PBXNativeTarget section */
		9C682BF81D534ECB00FA18D0 /* AddressBook */ = {
			isa = PBXNativeTarget;
			buildConfigurationList = 9C682C261D534ECC00FA18D0 /* Build configuration list for PBXNativeTarget "AddressBook" */;
			buildPhases = (
				9C682BF51D534ECB00FA18D0 /* Sources */,
				9C682BF61D534ECB00FA18D0 /* Frameworks */,
				9C682BF71D534ECB00FA18D0 /* Resources */,
			);
			buildRules = (
			);
			dependencies = (
			);
			name = AddressBook;
			productName = AddressBook;
			productReference = 9C682BF91D534ECB00FA18D0 /* AddressBook.app */;
			productType = "com.apple.product-type.application";
		};
		9C682C111D534ECC00FA18D0 /* AddressBookTests */ = {
			isa = PBXNativeTarget;
			buildConfigurationList = 9C682C291D534ECC00FA18D0 /* Build configuration list for PBXNativeTarget "AddressBookTests" */;
			buildPhases = (
				9C682C0E1D534ECC00FA18D0 /* Sources */,
				9C682C0F1D534ECC00FA18D0 /* Frameworks */,
				9C682C101D534ECC00FA18D0 /* Resources */,
			);
			buildRules = (
			);
			dependencies = (
				9C682C141D534ECC00FA18D0 /* PBXTargetDependency */,
			);
			name = AddressBookTests;
			productName = AddressBookTests;
			productReference = 9C682C121D534ECC00FA18D0 /* AddressBookTests.xctest */;
			productType = "com.apple.product-type.bundle.unit-test";
		};
		9C682C1C1D534ECC00FA18D0 /* AddressBookUITests */ = {
			isa = PBXNativeTarget;
			buildConfigurationList = 9C682C2C1D534ECC00FA18D0 /* Build configuration list for PBXNativeTarget "AddressBookUITests" */;
			buildPhases = (
				9C682C191D534ECC00FA18D0 /* Sources */,
				9C682C1A1D534ECC00FA18D0 /* Frameworks */,
				9C682C1B1D534ECC00FA18D0 /* Resources */,
			);
			buildRules = (
			);
			dependencies = (
				9C682C1F1D534ECC00FA18D0 /* PBXTargetDependency */,
			);
			name = AddressBookUITests;
			productName = AddressBookUITests;
			productReference = 9C682C1D1D534ECC00FA18D0 /* AddressBookUITests.xctest */;
			productType = "com.apple.product-type.bundle.ui-testing";
		};
/* End PBXNativeTarget section */

/* Begin PBXProject section */
		9C682BF11D534ECB00FA18D0 /* Project object */ = {
			isa = PBXProject;
			attributes = {
				LastUpgradeCheck = 0730;
				ORGANIZATIONNAME = LOVE;
				TargetAttributes = {
					9C682BF81D534ECB00FA18D0 = {
						CreatedOnToolsVersion = 7.3.1;
						DevelopmentTeam = P7H4L796LM;
					};
					9C682C111D534ECC00FA18D0 = {
						CreatedOnToolsVersion = 7.3.1;
						TestTargetID = 9C682BF81D534ECB00FA18D0;
					};
					9C682C1C1D534ECC00FA18D0 = {
						CreatedOnToolsVersion = 7.3.1;
						TestTargetID = 9C682BF81D534ECB00FA18D0;
					};
				};
			};
			buildConfigurationList = 9C682BF41D534ECB00FA18D0 /* Build configuration list for PBXProject "AddressBook" */;
			compatibilityVersion = "Xcode 3.2";
			developmentRegion = English;
			hasScannedForEncodings = 0;
			knownRegions = (
				en,
				Base,
			);
			mainGroup = 9C682BF01D534ECB00FA18D0;
			productRefGroup = 9C682BFA1D534ECB00FA18D0 /* Products */;
			projectDirPath = "";
			projectRoot = "";
			targets = (
				9C682BF81D534ECB00FA18D0 /* AddressBook */,
				9C682C111D534ECC00FA18D0 /* AddressBookTests */,
				9C682C1C1D534ECC00FA18D0 /* AddressBookUITests */,
			);
		};
/* End PBXProject section */

/* Begin PBXResourcesBuildPhase section */
		9C682BF71D534ECB00FA18D0 /* Resources */ = {
			isa = PBXResourcesBuildPhase;
			buildActionMask = 2147483647;
			files = (
				9C682C0C1D534ECB00FA18D0 /* LaunchScreen.storyboard in Resources */,
				9C682C091D534ECB00FA18D0 /* Assets.xcassets in Resources */,
				9C682C071D534ECB00FA18D0 /* Main.storyboard in Resources */,
				9CEFE18B1D6C3D4D00CB3A89 /* 2.gif in Resources */,
			);
			runOnlyForDeploymentPostprocessing = 0;
		};
		9C682C101D534ECC00FA18D0 /* Resources */ = {
			isa = PBXResourcesBuildPhase;
			buildActionMask = 2147483647;
			files = (
			);
			runOnlyForDeploymentPostprocessing = 0;
		};
		9C682C1B1D534ECC00FA18D0 /* Resources */ = {
			isa = PBXResourcesBuildPhase;
			buildActionMask = 2147483647;
			files = (
			);
			runOnlyForDeploymentPostprocessing = 0;
		};
/* End PBXResourcesBuildPhase section */

/* Begin PBXSourcesBuildPhase section */
		9C682BF51D534ECB00FA18D0 /* Sources */ = {
			isa = PBXSourcesBuildPhase;
			buildActionMask = 2147483647;
			files = (
				9C682C351D534F8400FA18D0 /* pinyin.m in Sources */,
				9C682C341D534F8400FA18D0 /* ChineseString.m in Sources */,
				9C682C381D53501100FA18D0 /* ContactTableController.m in Sources */,
				9C682C011D534ECB00FA18D0 /* AppDelegate.m in Sources */,
				9C682BFE1D534ECB00FA18D0 /* main.m in Sources */,
			);
			runOnlyForDeploymentPostprocessing = 0;
		};
		9C682C0E1D534ECC00FA18D0 /* Sources */ = {
			isa = PBXSourcesBuildPhase;
			buildActionMask = 2147483647;
			files = (
				9C682C171D534ECC00FA18D0 /* AddressBookTests.m in Sources */,
			);
			runOnlyForDeploymentPostprocessing = 0;
		};
		9C682C191D534ECC00FA18D0 /* Sources */ = {
			isa = PBXSourcesBuildPhase;
			buildActionMask = 2147483647;
			files = (
				9C682C221D534ECC00FA18D0 /* AddressBookUITests.m in Sources */,
			);
			runOnlyForDeploymentPostprocessing = 0;
		};
/* End PBXSourcesBuildPhase section */

/* Begin PBXTargetDependency section */
		9C682C141D534ECC00FA18D0 /* PBXTargetDependency */ = {
			isa = PBXTargetDependency;
			target = 9C682BF81D534ECB00FA18D0 /* AddressBook */;
			targetProxy = 9C682C131D534ECC00FA18D0 /* PBXContainerItemProxy */;
		};
		9C682C1F1D534ECC00FA18D0 /* PBXTargetDependency */ = {
			isa = PBXTargetDependency;
			target = 9C682BF81D534ECB00FA18D0 /* AddressBook */;
			targetProxy = 9C682C1E1D534ECC00FA18D0 /* PBXContainerItemProxy */;
		};
/* End PBXTargetDependency section */

/* Begin PBXVariantGroup section */
		9C682C051D534ECB00FA18D0 /* Main.storyboard */ = {
			isa = PBXVariantGroup;
			children = (
				9C682C061D534ECB00FA18D0 /* Base */,
			);
			name = Main.storyboard;
			sourceTree = "<group>";
		};
		9C682C0A1D534ECB00FA18D0 /* LaunchScreen.storyboard */ = {
			isa = PBXVariantGroup;
			children = (
				9C682C0B1D534ECB00FA18D0 /* Base */,
			);
			name = LaunchScreen.storyboard;
			sourceTree = "<group>";
		};
/* End PBXVariantGroup section */

/* Begin XCBuildConfiguration section */
		9C682C241D534ECC00FA18D0 /* Debug */ = {
			isa = XCBuildConfiguration;
			buildSettings = {
				ALWAYS_SEARCH_USER_PATHS = NO;
				CLANG_ANALYZER_NONNULL = YES;
				CLANG_CXX_LANGUAGE_STANDARD = "gnu++0x";
				CLANG_CXX_LIBRARY = "libc++";
				CLANG_ENABLE_MODULES = YES;
				CLANG_ENABLE_OBJC_ARC = YES;
				CLANG_WARN_BOOL_CONVERSION = YES;
				CLANG_WARN_CONSTANT_CONVERSION = YES;
				CLANG_WARN_DIRECT_OBJC_ISA_USAGE = YES_ERROR;
				CLANG_WARN_EMPTY_BODY = YES;
				CLANG_WARN_ENUM_CONVERSION = YES;
				CLANG_WARN_INT_CONVERSION = YES;
				CLANG_WARN_OBJC_ROOT_CLASS = YES_ERROR;
				CLANG_WARN_UNREACHABLE_CODE = YES;
				CLANG_WARN__DUPLICATE_METHOD_MATCH = YES;
				"CODE_SIGN_IDENTITY[sdk=iphoneos*]" = "iPhone Developer";
				COPY_PHASE_STRIP = NO;
				DEBUG_INFORMATION_FORMAT = dwarf;
				ENABLE_STRICT_OBJC_MSGSEND = YES;
				ENABLE_TESTABILITY = YES;
				GCC_C_LANGUAGE_STANDARD = gnu99;
				GCC_DYNAMIC_NO_PIC = NO;
				GCC_NO_COMMON_BLOCKS = YES;
				GCC_OPTIMIZATION_LEVEL = 0;
				GCC_PREPROCESSOR_DEFINITIONS = (
					"DEBUG=1",
					"$(inherited)",
				);
				GCC_WARN_64_TO_32_BIT_CONVERSION = YES;
				GCC_WARN_ABOUT_RETURN_TYPE = YES_ERROR;
				GCC_WARN_UNDECLARED_SELECTOR = YES;
				GCC_WARN_UNINITIALIZED_AUTOS = YES_AGGRESSIVE;
				GCC_WARN_UNUSED_FUNCTION = YES;
				GCC_WARN_UNUSED_VARIABLE = YES;
				IPHONEOS_DEPLOYMENT_TARGET = 9.3;
				MTL_ENABLE_DEBUG_INFO = YES;
				ONLY_ACTIVE_ARCH = YES;
				SDKROOT = iphoneos;
				TARGETED_DEVICE_FAMILY = "1,2";
			};
			name = Debug;
		};
		9C682C251D534ECC00FA18D0 /* Release */ = {
			isa = XCBuildConfiguration;
			buildSettings = {
				ALWAYS_SEARCH_USER_PATHS = NO;
				CLANG_ANALYZER_NONNULL = YES;
				CLANG_CXX_LANGUAGE_STANDARD = "gnu++0x";
				CLANG_CXX_LIBRARY = "libc++";
				CLANG_ENABLE_MODULES = YES;
				CLANG_ENABLE_OBJC_ARC = YES;
				CLANG_WARN_BOOL_CONVERSION = YES;
				CLANG_WARN_CONSTANT_CONVERSION = YES;
				CLANG_WARN_DIRECT_OBJC_ISA_USAGE = YES_ERROR;
				CLANG_WARN_EMPTY_BODY = YES;
				CLANG_WARN_ENUM_CONVERSION = YES;
				CLANG_WARN_INT_CONVERSION = YES;
				CLANG_WARN_OBJC_ROOT_CLASS = YES_ERROR;
				CLANG_WARN_UNREACHABLE_CODE = YES;
				CLANG_WARN__DUPLICATE_METHOD_MATCH = YES;
				"CODE_SIGN_IDENTITY[sdk=iphoneos*]" = "iPhone Developer";
				COPY_PHASE_STRIP = NO;
				DEBUG_INFORMATION_FORMAT = "dwarf-with-dsym";
				ENABLE_NS_ASSERTIONS = NO;
				ENABLE_STRICT_OBJC_MSGSEND = YES;
				GCC_C_LANGUAGE_STANDARD = gnu99;
				GCC_NO_COMMON_BLOCKS = YES;
				GCC_WARN_64_TO_32_BIT_CONVERSION = YES;
				GCC_WARN_ABOUT_RETURN_TYPE = YES_ERROR;
				GCC_WARN_UNDECLARED_SELECTOR = YES;
				GCC_WARN_UNINITIALIZED_AUTOS = YES_AGGRESSIVE;
				GCC_WARN_UNUSED_FUNCTION = YES;
				GCC_WARN_UNUSED_VARIABLE = YES;
				IPHONEOS_DEPLOYMENT_TARGET = 9.3;
				MTL_ENABLE_DEBUG_INFO = NO;
				SDKROOT = iphoneos;
				TARGETED_DEVICE_FAMILY = "1,2";
				VALIDATE_PRODUCT = YES;
			};
			name = Release;
		};
		9C682C271D534ECC00FA18D0 /* Debug */ = {
			isa = XCBuildConfiguration;
			buildSettings = {
				ASSETCATALOG_COMPILER_APPICON_NAME = AppIcon;
				CODE_SIGN_IDENTITY = "iPhone Developer";
				"CODE_SIGN_IDENTITY[sdk=iphoneos*]" = "iPhone Developer";
				INFOPLIST_FILE = AddressBook/Info.plist;
				LD_RUNPATH_SEARCH_PATHS = "$(inherited) @executable_path/Frameworks";
				PRODUCT_BUNDLE_IDENTIFIER = huahua.AddressBook;
				PRODUCT_NAME = "$(TARGET_NAME)";
				PROVISIONING_PROFILE = "";
			};
			name = Debug;
		};
		9C682C281D534ECC00FA18D0 /* Release */ = {
			isa = XCBuildConfiguration;
			buildSettings = {
				ASSETCATALOG_COMPILER_APPICON_NAME = AppIcon;
				CODE_SIGN_IDENTITY = "iPhone Developer";
				"CODE_SIGN_IDENTITY[sdk=iphoneos*]" = "iPhone Developer";
				INFOPLIST_FILE = AddressBook/Info.plist;
				LD_RUNPATH_SEARCH_PATHS = "$(inherited) @executable_path/Frameworks";
				PRODUCT_BUNDLE_IDENTIFIER = huahua.AddressBook;
				PRODUCT_NAME = "$(TARGET_NAME)";
				PROVISIONING_PROFILE = "";
			};
			name = Release;
		};
		9C682C2A1D534ECC00FA18D0 /* Debug */ = {
			isa = XCBuildConfiguration;
			buildSettings = {
				BUNDLE_LOADER = "$(TEST_HOST)";
				INFOPLIST_FILE = AddressBookTests/Info.plist;
				LD_RUNPATH_SEARCH_PATHS = "$(inherited) @executable_path/Frameworks @loader_path/Frameworks";
				PRODUCT_BUNDLE_IDENTIFIER = huahua.AddressBookTests;
				PRODUCT_NAME = "$(TARGET_NAME)";
				TEST_HOST = "$(BUILT_PRODUCTS_DIR)/AddressBook.app/AddressBook";
			};
			name = Debug;
		};
		9C682C2B1D534ECC00FA18D0 /* Release */ = {
			isa = XCBuildConfiguration;
			buildSettings = {
				BUNDLE_LOADER = "$(TEST_HOST)";
				INFOPLIST_FILE = AddressBookTests/Info.plist;
				LD_RUNPATH_SEARCH_PATHS = "$(inherited) @executable_path/Frameworks @loader_path/Frameworks";
				PRODUCT_BUNDLE_IDENTIFIER = huahua.AddressBookTests;
				PRODUCT_NAME = "$(TARGET_NAME)";
				TEST_HOST = "$(BUILT_PRODUCTS_DIR)/AddressBook.app/AddressBook";
			};
			name = Release;
		};
		9C682C2D1D534ECC00FA18D0 /* Debug */ = {
			isa = XCBuildConfiguration;
			buildSettings = {
				INFOPLIST_FILE = AddressBookUITests/Info.plist;
				LD_RUNPATH_SEARCH_PATHS = "$(inherited) @executable_path/Frameworks @loader_path/Frameworks";
				PRODUCT_BUNDLE_IDENTIFIER = huahua.AddressBookUITests;
				PRODUCT_NAME = "$(TARGET_NAME)";
				TEST_TARGET_NAME = AddressBook;
			};
			name = Debug;
		};
		9C682C2E1D534ECC00FA18D0 /* Release */ = {
			isa = XCBuildConfiguration;
			buildSettings = {
				INFOPLIST_FILE = AddressBookUITests/Info.plist;
				LD_RUNPATH_SEARCH_PATHS = "$(inherited) @executable_path/Frameworks @loader_path/Frameworks";
				PRODUCT_BUNDLE_IDENTIFIER = huahua.AddressBookUITests;
				PRODUCT_NAME = "$(TARGET_NAME)";
				TEST_TARGET_NAME = AddressBook;
			};
			name = Release;
		};
/* End XCBuildConfiguration section */

/* Begin XCConfigurationList section */
		9C682BF41D534ECB00FA18D0 /* Build configuration list for PBXProject "AddressBook" */ = {
			isa = XCConfigurationList;
			buildConfigurations = (
				9C682C241D534ECC00FA18D0 /* Debug */,
				9C682C251D534ECC00FA18D0 /* Release */,
			);
			defaultConfigurationIsVisible = 0;
			defaultConfigurationName = Release;
		};
		9C682C261D534ECC00FA18D0 /* Build configuration list for PBXNativeTarget "AddressBook" */ = {
			isa = XCConfigurationList;
			buildConfigurations = (
				9C682C271D534ECC00FA18D0 /* Debug */,
				9C682C281D534ECC00FA18D0 /* Release */,
			);
			defaultConfigurationIsVisible = 0;
			defaultConfigurationName = Release;
		};
		9C682C291D534ECC00FA18D0 /* Build configuration list for PBXNativeTarget "AddressBookTests" */ = {
			isa = XCConfigurationList;
			buildConfigurations = (
				9C682C2A1D534ECC00FA18D0 /* Debug */,
				9C682C2B1D534ECC00FA18D0 /* Release */,
			);
			defaultConfigurationIsVisible = 0;
			defaultConfigurationName = Release;
		};
		9C682C2C1D534ECC00FA18D0 /* Build configuration list for PBXNativeTarget "AddressBookUITests" */ = {
			isa = XCConfigurationList;
			buildConfigurations = (
				9C682C2D1D534ECC00FA18D0 /* Debug */,
				9C682C2E1D534ECC00FA18D0 /* Release */,
			);
			defaultConfigurationIsVisible = 0;
			defaultConfigurationName = Release;
		};
/* End XCConfigurationList section */
	};
	rootObject = 9C682BF11D534ECB00FA18D0 /* Project object */;
}
